{
    "_meta": {
        "hash": {
            "sha256": "3cef296d45bc663056eb510752235ba0a09207c2be0196afa56df3cea48cbe18"
        },
        "pipfile-spec": 6,
        "requires": {
            "python_version": "3.10"
        },
        "sources": [
            {
                "name": "pypi",
                "url": "https://pypi.tuna.tsinghua.edu.cn/simple",
                "verify_ssl": true
            }
        ]
    },
    "default": {},
    "develop": {}
}
